
Microsoft Visual Studio Solution File, Format Version 12.00
# Visual Studio 15
VisualStudioVersion = 15.0.28010.2019
MinimumVisualStudioVersion = 10.0.40219.1
Project("{8BC9CEB8-8B4A-11D0-8D11-00A0C91BC942}") = "Man vs Men", "ManvsMen\ManvsMen.vcxproj", "{0EE23E71-634D-4AB9-A38A-CE032B9ABA03}"
EndProject
Global
	GlobalSection(SolutionConfigurationPlatforms) = preSolution
		Debug|x64 = Debug|x64
		Debug|x86 = Debug|x86
		oui|x64 = oui|x64
		oui|x86 = oui|x86
		Release|x64 = Release|x64
		Release|x86 = Release|x86
	EndGlobalSection
	GlobalSection(ProjectConfigurationPlatforms) = postSolution
		{0EE23E71-634D-4AB9-A38A-CE032B9ABA03}.Debug|x64.ActiveCfg = Debug|x64
		{0EE23E71-634D-4AB9-A38A-CE032B9ABA03}.Debug|x64.Build.0 = Debug|x64
		{0EE23E71-634D-4AB9-A38A-CE032B9ABA03}.Debug|x86.ActiveCfg = Debug|Win32
		{0EE23E71-634D-4AB9-A38A-CE032B9ABA03}.Debug|x86.Build.0 = Debug|Win32
		{0EE23E71-634D-4AB9-A38A-CE032B9ABA03}.oui|x64.ActiveCfg = Release|x64
		{0EE23E71-634D-4AB9-A38A-CE032B9ABA03}.oui|x64.Build.0 = Release|x64
		{0EE23E71-634D-4AB9-A38A-CE032B9ABA03}.oui|x86.ActiveCfg = Release|Win32
		{0EE23E71-634D-4AB9-A38A-CE032B9ABA03}.oui|x86.Build.0 = Release|Win32
		{0EE23E71-634D-4AB9-A38A-CE032B9ABA03}.Release|x64.ActiveCfg = Release|x64
		{0EE23E71-634D-4AB9-A38A-CE032B9ABA03}.Release|x64.Build.0 = Release|x64
		{0EE23E71-634D-4AB9-A38A-CE032B9ABA03}.Release|x86.ActiveCfg = Release|Win32
		{0EE23E71-634D-4AB9-A38A-CE032B9ABA03}.Release|x86.Build.0 = Release|Win32
	EndGlobalSection
	GlobalSection(SolutionProperties) = preSolution
		HideSolutionNode = FALSE
	EndGlobalSection
	GlobalSection(ExtensibilityGlobals) = postSolution
		SolutionGuid = {05ED9EE2-69F7-4FC5-8056-28649289163E}
	EndGlobalSection
EndGlobal
